// !$*UTF8*$!
{
	archiveVersion = 1;
	classes = {
	};
	objectVersion = 50;
	objects = {

/* Begin PBXBuildFile section */
		B4CC2BBF23E87F9400586A5B /* CodeExperiments.framework in Frameworks */ = {isa = PBXBuildFile; fileRef = B4CC2BB523E87F9400586A5B /* CodeExperiments.framework */; };
		B4CC2BC423E87F9400586A5B /* CodeExperimentsTests.m in Sources */ = {isa = PBXBuildFile; fileRef = B4CC2BC323E87F9400586A5B /* CodeExperimentsTests.m */; };
		B4CC2BC623E87F9400586A5B /* CodeExperiments.h in Headers */ = {isa = PBXBuildFile; fileRef = B4CC2BB823E87F9400586A5B /* CodeExperiments.h */; settings = {ATTRIBUTES = (Public, ); }; };
		B4CC2BD023E88D5100586A5B /* Stuff.m in Sources */ = {isa = PBXBuildFile; fileRef = B4CC2BCF23E88D5100586A5B /* Stuff.m */; };
		B4CC2BD223E88EFD00586A5B /* Stuff.h in Headers */ = {isa = PBXBuildFile; fileRef = B4CC2BD123E88D8000586A5B /* Stuff.h */; settings = {ATTRIBUTES = (Public, ); }; };
		B4CC2BD423E8952E00586A5B /* OtherStuff.m in Sources */ = {isa = PBXBuildFile; fileRef = B4CC2BD323E8952E00586A5B /* OtherStuff.m */; };
		B4CC2BD623E8960D00586A5B /* OtherStuff.h in Headers */ = {isa = PBXBuildFile; fileRef = B4CC2BD523E895DB00586A5B /* OtherStuff.h */; settings = {ATTRIBUTES = (Public, ); }; };
		B4CC2BD823E8BE0500586A5B /* Geometry.m in Sources */ = {isa = PBXBuildFile; fileRef = B4CC2BD723E8BE0500586A5B /* Geometry.m */; };
		B4CC2BDB23E8BEC700586A5B /* GeometryTests.m in Sources */ = {isa = PBXBuildFile; fileRef = B4CC2BDA23E8BEC700586A5B /* GeometryTests.m */; };
		B4CC2BDC23E8BF2700586A5B /* Geometry.h in Headers */ = {isa = PBXBuildFile; fileRef = B4CC2BD923E8BE1100586A5B /* Geometry.h */; settings = {ATTRIBUTES = (Public, ); }; };
		B4CC2BDE23E8C6E600586A5B /* PointerTests.m in Sources */ = {isa = PBXBuildFile; fileRef = B4CC2BDD23E8C6E600586A5B /* PointerTests.m */; };
		B4CC2C1423EDB50800586A5B /* BlockLiteralTests.m in Sources */ = {isa = PBXBuildFile; fileRef = B4CC2C1323EDB50800586A5B /* BlockLiteralTests.m */; };
/* End PBXBuildFile section */

/* Begin PBXContainerItemProxy section */
		B4CC2BC023E87F9400586A5B /* PBXContainerItemProxy */ = {
			isa = PBXContainerItemProxy;
			containerPortal = B4CC2BAC23E87F9400586A5B /* Project object */;
			proxyType = 1;
			remoteGlobalIDString = B4CC2BB423E87F9400586A5B;
			remoteInfo = CodeExperiments;
		};
/* End PBXContainerItemProxy section */

/* Begin PBXFileReference section */
		B4CC2BB523E87F9400586A5B /* CodeExperiments.framework */ = {isa = PBXFileReference; explicitFileType = wrapper.framework; includeInIndex = 0; path = CodeExperiments.framework; sourceTree = BUILT_PRODUCTS_DIR; };
		B4CC2BB823E87F9400586A5B /* CodeExperiments.h */ = {isa = PBXFileReference; lastKnownFileType = sourcecode.c.h; path = CodeExperiments.h; sourceTree = "<group>"; };
		B4CC2BB923E87F9400586A5B /* Info.plist */ = {isa = PBXFileReference; lastKnownFileType = text.plist.xml; path = Info.plist; sourceTree = "<group>"; };
		B4CC2BBE23E87F9400586A5B /* CodeExperimentsTests.xctest */ = {isa = PBXFileReference; explicitFileType = wrapper.cfbundle; includeInIndex = 0; path = CodeExperimentsTests.xctest; sourceTree = BUILT_PRODUCTS_DIR; };
		B4CC2BC323E87F9400586A5B /* CodeExperimentsTests.m */ = {isa = PBXFileReference; lastKnownFileType = sourcecode.c.objc; path = CodeExperimentsTests.m; sourceTree = "<group>"; };
		B4CC2BC523E87F9400586A5B /* Info.plist */ = {isa = PBXFileReference; lastKnownFileType = text.plist.xml; path = Info.plist; sourceTree = "<group>"; };
		B4CC2BCF23E88D5100586A5B /* Stuff.m */ = {isa = PBXFileReference; lastKnownFileType = sourcecode.c.objc; path = Stuff.m; sourceTree = "<group>"; };
		B4CC2BD123E88D8000586A5B /* Stuff.h */ = {isa = PBXFileReference; lastKnownFileType = sourcecode.c.h; path = Stuff.h; sourceTree = "<group>"; };
		B4CC2BD323E8952E00586A5B /* OtherStuff.m */ = {isa = PBXFileReference; lastKnownFileType = sourcecode.c.objc; path = OtherStuff.m; sourceTree = "<group>"; };
		B4CC2BD523E895DB00586A5B /* OtherStuff.h */ = {isa = PBXFileReference; lastKnownFileType = sourcecode.c.h; path = OtherStuff.h; sourceTree = "<group>"; };
		B4CC2BD723E8BE0500586A5B /* Geometry.m */ = {isa = PBXFileReference; lastKnownFileType = sourcecode.c.objc; path = Geometry.m; sourceTree = "<group>"; };
		B4CC2BD923E8BE1100586A5B /* Geometry.h */ = {isa = PBXFileReference; lastKnownFileType = sourcecode.c.h; path = Geometry.h; sourceTree = "<group>"; };
		B4CC2BDA23E8BEC700586A5B /* GeometryTests.m */ = {isa = PBXFileReference; lastKnownFileType = sourcecode.c.objc; path = GeometryTests.m; sourceTree = "<group>"; };
		B4CC2BDD23E8C6E600586A5B /* PointerTests.m */ = {isa = PBXFileReference; lastKnownFileType = sourcecode.c.objc; path = PointerTests.m; sourceTree = "<group>"; };
		B4CC2C1323EDB50800586A5B /* BlockLiteralTests.m */ = {isa = PBXFileReference; lastKnownFileType = sourcecode.c.objc; path = BlockLiteralTests.m; sourceTree = "<group>"; };
/* End PBXFileReference section */

/* Begin PBXFrameworksBuildPhase section */
		B4CC2BB223E87F9400586A5B /* Frameworks */ = {
			isa = PBXFrameworksBuildPhase;
			buildActionMask = 2147483647;
			files = (
			);
			runOnlyForDeploymentPostprocessing = 0;
		};
		B4CC2BBB23E87F9400586A5B /* Frameworks */ = {
			isa = PBXFrameworksBuildPhase;
			buildActionMask = 2147483647;
			files = (
				B4CC2BBF23E87F9400586A5B /* CodeExperiments.framework in Frameworks */,
			);
			runOnlyForDeploymentPostprocessing = 0;
		};
/* End PBXFrameworksBuildPhase section */

/* Begin PBXGroup section */
		B4CC2BAB23E87F9400586A5B = {
			isa = PBXGroup;
			children = (
				B4CC2BB723E87F9400586A5B /* CodeExperiments */,
				B4CC2BC223E87F9400586A5B /* CodeExperimentsTests */,
				B4CC2BB623E87F9400586A5B /* Products */,
			);
			sourceTree = "<group>";
		};
		B4CC2BB623E87F9400586A5B /* Products */ = {
			isa = PBXGroup;
			children = (
				B4CC2BB523E87F9400586A5B /* CodeExperiments.framework */,
				B4CC2BBE23E87F9400586A5B /* CodeExperimentsTests.xctest */,
			);
			name = Products;
			sourceTree = "<group>";
		};
		B4CC2BB723E87F9400586A5B /* CodeExperiments */ = {
			isa = PBXGroup;
			children = (
				B4CC2BB823E87F9400586A5B /* CodeExperiments.h */,
				B4CC2BB923E87F9400586A5B /* Info.plist */,
				B4CC2BD323E8952E00586A5B /* OtherStuff.m */,
				B4CC2BD523E895DB00586A5B /* OtherStuff.h */,
				B4CC2BCF23E88D5100586A5B /* Stuff.m */,
				B4CC2BD123E88D8000586A5B /* Stuff.h */,
				B4CC2BD723E8BE0500586A5B /* Geometry.m */,
				B4CC2BD923E8BE1100586A5B /* Geometry.h */,
			);
			path = CodeExperiments;
			sourceTree = "<group>";
		};
		B4CC2BC223E87F9400586A5B /* CodeExperimentsTests */ = {
			isa = PBXGroup;
			children = (
				B4CC2BDA23E8BEC700586A5B /* GeometryTests.m */,
				B4CC2BC323E87F9400586A5B /* CodeExperimentsTests.m */,
				B4CC2BC523E87F9400586A5B /* Info.plist */,
				B4CC2BDD23E8C6E600586A5B /* PointerTests.m */,
				B4CC2C1323EDB50800586A5B /* BlockLiteralTests.m */,
			);
			path = CodeExperimentsTests;
			sourceTree = "<group>";
		};
/* End PBXGroup section */

/* Begin PBXHeadersBuildPhase section */
		B4CC2BB023E87F9400586A5B /* Headers */ = {
			isa = PBXHeadersBuildPhase;
			buildActionMask = 2147483647;
			files = (
				B4CC2BC623E87F9400586A5B /* CodeExperiments.h in Headers */,
				B4CC2BD223E88EFD00586A5B /* Stuff.h in Headers */,
				B4CC2BDC23E8BF2700586A5B /* Geometry.h in Headers */,
				B4CC2BD623E8960D00586A5B /* OtherStuff.h in Headers */,
			);
			runOnlyForDeploymentPostprocessing = 0;
		};
/* End PBXHeadersBuildPhase section */

/* Begin PBXNativeTarget section */
		B4CC2BB423E87F9400586A5B /* CodeExperiments */ = {
			isa = PBXNativeTarget;
			buildConfigurationList = B4CC2BC923E87F9400586A5B /* Build configuration list for PBXNativeTarget "CodeExperiments" */;
			buildPhases = (
				B4CC2BB023E87F9400586A5B /* Headers */,
				B4CC2BB123E87F9400586A5B /* Sources */,
				B4CC2BB223E87F9400586A5B /* Frameworks */,
				B4CC2BB323E87F9400586A5B /* Resources */,
			);
			buildRules = (
			);
			dependencies = (
			);
			name = CodeExperiments;
			productName = CodeExperiments;
			productReference = B4CC2BB523E87F9400586A5B /* CodeExperiments.framework */;
			productType = "com.apple.product-type.framework";
		};
		B4CC2BBD23E87F9400586A5B /* CodeExperimentsTests */ = {
			isa = PBXNativeTarget;
			buildConfigurationList = B4CC2BCC23E87F9400586A5B /* Build configuration list for PBXNativeTarget "CodeExperimentsTests" */;
			buildPhases = (
				B4CC2BBA23E87F9400586A5B /* Sources */,
				B4CC2BBB23E87F9400586A5B /* Frameworks */,
				B4CC2BBC23E87F9400586A5B /* Resources */,
			);
			buildRules = (
			);
			dependencies = (
				B4CC2BC123E87F9400586A5B /* PBXTargetDependency */,
			);
			name = CodeExperimentsTests;
			productName = CodeExperimentsTests;
			productReference = B4CC2BBE23E87F9400586A5B /* CodeExperimentsTests.xctest */;
			productType = "com.apple.product-type.bundle.unit-test";
		};
/* End PBXNativeTarget section */

/* Begin PBXProject section */
		B4CC2BAC23E87F9400586A5B /* Project object */ = {
			isa = PBXProject;
			attributes = {
				LastUpgradeCheck = 1130;
				ORGANIZATIONNAME = "About Objects";
				TargetAttributes = {
					B4CC2BB423E87F9400586A5B = {
						CreatedOnToolsVersion = 11.3.1;
					};
					B4CC2BBD23E87F9400586A5B = {
						CreatedOnToolsVersion = 11.3.1;
					};
				};
			};
			buildConfigurationList = B4CC2BAF23E87F9400586A5B /* Build configuration list for PBXProject "CodeExperiments" */;
			compatibilityVersion = "Xcode 9.3";
			developmentRegion = en;
			hasScannedForEncodings = 0;
			knownRegions = (
				en,
				Base,
			);
			mainGroup = B4CC2BAB23E87F9400586A5B;
			productRefGroup = B4CC2BB623E87F9400586A5B /* Products */;
			projectDirPath = "";
			projectRoot = "";
			targets = (
				B4CC2BB423E87F9400586A5B /* CodeExperiments */,
				B4CC2BBD23E87F9400586A5B /* CodeExperimentsTests */,
			);
		};
/* End PBXProject section */

/* Begin PBXResourcesBuildPhase section */
		B4CC2BB323E87F9400586A5B /* Resources */ = {
			isa = PBXResourcesBuildPhase;
			buildActionMask = 2147483647;
			files = (
			);
			runOnlyForDeploymentPostprocessing = 0;
		};
		B4CC2BBC23E87F9400586A5B /* Resources */ = {
			isa = PBXResourcesBuildPhase;
			buildActionMask = 2147483647;
			files = (
			);
			runOnlyForDeploymentPostprocessing = 0;
		};
/* End PBXResourcesBuildPhase section */

/* Begin PBXSourcesBuildPhase section */
		B4CC2BB123E87F9400586A5B /* Sources */ = {
			isa = PBXSourcesBuildPhase;
			buildActionMask = 2147483647;
			files = (
				B4CC2BD823E8BE0500586A5B /* Geometry.m in Sources */,
				B4CC2BD023E88D5100586A5B /* Stuff.m in Sources */,
				B4CC2BD423E8952E00586A5B /* OtherStuff.m in Sources */,
			);
			runOnlyForDeploymentPostprocessing = 0;
		};
		B4CC2BBA23E87F9400586A5B /* Sources */ = {
			isa = PBXSourcesBuildPhase;
			buildActionMask = 2147483647;
			files = (
				B4CC2BC423E87F9400586A5B /* CodeExperimentsTests.m in Sources */,
				B4CC2C1423EDB50800586A5B /* BlockLiteralTests.m in Sources */,
				B4CC2BDB23E8BEC700586A5B /* GeometryTests.m in Sources */,
				B4CC2BDE23E8C6E600586A5B /* PointerTests.m in Sources */,
			);
			runOnlyForDeploymentPostprocessing = 0;
		};
/* End PBXSourcesBuildPhase section */

/* Begin PBXTargetDependency section */
		B4CC2BC123E87F9400586A5B /* PBXTargetDependency */ = {
			isa = PBXTargetDependency;
			target = B4CC2BB423E87F9400586A5B /* CodeExperiments */;
			targetProxy = B4CC2BC023E87F9400586A5B /* PBXContainerItemProxy */;
		};
/* End PBXTargetDependency section */

/* Begin XCBuildConfiguration section */
		B4CC2BC723E87F9400586A5B /* Debug */ = {
			isa = XCBuildConfiguration;
			buildSettings = {
				ALWAYS_SEARCH_USER_PATHS = NO;
				CLANG_ANALYZER_NONNULL = YES;
				CLANG_ANALYZER_NUMBER_OBJECT_CONVERSION = YES_AGGRESSIVE;
				CLANG_CXX_LANGUAGE_STANDARD = "gnu++14";
				CLANG_CXX_LIBRARY = "libc++";
				CLANG_ENABLE_MODULES = YES;
				CLANG_ENABLE_OBJC_ARC = YES;
				CLANG_ENABLE_OBJC_WEAK = YES;
				CLANG_WARN_BLOCK_CAPTURE_AUTORELEASING = YES;
				CLANG_WARN_BOOL_CONVERSION = YES;
				CLANG_WARN_COMMA = YES;
				CLANG_WARN_CONSTANT_CONVERSION = YES;
				CLANG_WARN_DEPRECATED_OBJC_IMPLEMENTATIONS = YES;
				CLANG_WARN_DIRECT_OBJC_ISA_USAGE = YES_ERROR;
				CLANG_WARN_DOCUMENTATION_COMMENTS = YES;
				CLANG_WARN_EMPTY_BODY = YES;
				CLANG_WARN_ENUM_CONVERSION = YES;
				CLANG_WARN_INFINITE_RECURSION = YES;
				CLANG_WARN_INT_CONVERSION = YES;
				CLANG_WARN_NON_LITERAL_NULL_CONVERSION = YES;
				CLANG_WARN_OBJC_IMPLICIT_RETAIN_SELF = YES;
				CLANG_WARN_OBJC_LITERAL_CONVERSION = YES;
				CLANG_WARN_OBJC_ROOT_CLASS = YES_ERROR;
				CLANG_WARN_RANGE_LOOP_ANALYSIS = YES;
				CLANG_WARN_STRICT_PROTOTYPES = YES;
				CLANG_WARN_SUSPICIOUS_MOVE = YES;
				CLANG_WARN_UNGUARDED_AVAILABILITY = YES_AGGRESSIVE;
				CLANG_WARN_UNREACHABLE_CODE = YES;
				CLANG_WARN__DUPLICATE_METHOD_MATCH = YES;
				COPY_PHASE_STRIP = NO;
				CURRENT_PROJECT_VERSION = 1;
				DEBUG_INFORMATION_FORMAT = dwarf;
				ENABLE_STRICT_OBJC_MSGSEND = YES;
				ENABLE_TESTABILITY = YES;
				GCC_C_LANGUAGE_STANDARD = gnu11;
				GCC_DYNAMIC_NO_PIC = NO;
				GCC_NO_COMMON_BLOCKS = YES;
				GCC_OPTIMIZATION_LEVEL = 0;
				GCC_PREPROCESSOR_DEFINITIONS = (
					"DEBUG=1",
					"$(inherited)",
				);
				GCC_WARN_64_TO_32_BIT_CONVERSION = YES;
				GCC_WARN_ABOUT_RETURN_TYPE = YES_ERROR;
				GCC_WARN_UNDECLARED_SELECTOR = YES;
				GCC_WARN_UNINITIALIZED_AUTOS = YES_AGGRESSIVE;
				GCC_WARN_UNUSED_FUNCTION = YES;
				GCC_WARN_UNUSED_VARIABLE = YES;
				MACOSX_DEPLOYMENT_TARGET = 10.15;
				MTL_ENABLE_DEBUG_INFO = INCLUDE_SOURCE;
				MTL_FAST_MATH = YES;
				ONLY_ACTIVE_ARCH = YES;
				SDKROOT = macosx;
				VERSIONING_SYSTEM = "apple-generic";
				VERSION_INFO_PREFIX = "";
			};
			name = Debug;
		};
		B4CC2BC823E87F9400586A5B /* Release */ = {
			isa = XCBuildConfiguration;
			buildSettings = {
				ALWAYS_SEARCH_USER_PATHS = NO;
				CLANG_ANALYZER_NONNULL = YES;
				CLANG_ANALYZER_NUMBER_OBJECT_CONVERSION = YES_AGGRESSIVE;
				CLANG_CXX_LANGUAGE_STANDARD = "gnu++14";
				CLANG_CXX_LIBRARY = "libc++";
				CLANG_ENABLE_MODULES = YES;
				CLANG_ENABLE_OBJC_ARC = YES;
				CLANG_ENABLE_OBJC_WEAK = YES;
				CLANG_WARN_BLOCK_CAPTURE_AUTORELEASING = YES;
				CLANG_WARN_BOOL_CONVERSION = YES;
				CLANG_WARN_COMMA = YES;
				CLANG_WARN_CONSTANT_CONVERSION = YES;
				CLANG_WARN_DEPRECATED_OBJC_IMPLEMENTATIONS = YES;
				CLANG_WARN_DIRECT_OBJC_ISA_USAGE = YES_ERROR;
				CLANG_WARN_DOCUMENTATION_COMMENTS = YES;
				CLANG_WARN_EMPTY_BODY = YES;
				CLANG_WARN_ENUM_CONVERSION = YES;
				CLANG_WARN_INFINITE_RECURSION = YES;
				CLANG_WARN_INT_CONVERSION = YES;
				CLANG_WARN_NON_LITERAL_NULL_CONVERSION = YES;
				CLANG_WARN_OBJC_IMPLICIT_RETAIN_SELF = YES;
				CLANG_WARN_OBJC_LITERAL_CONVERSION = YES;
				CLANG_WARN_OBJC_ROOT_CLASS = YES_ERROR;
				CLANG_WARN_RANGE_LOOP_ANALYSIS = YES;
				CLANG_WARN_STRICT_PROTOTYPES = YES;
				CLANG_WARN_SUSPICIOUS_MOVE = YES;
				CLANG_WARN_UNGUARDED_AVAILABILITY = YES_AGGRESSIVE;
				CLANG_WARN_UNREACHABLE_CODE = YES;
				CLANG_WARN__DUPLICATE_METHOD_MATCH = YES;
				COPY_PHASE_STRIP = NO;
				CURRENT_PROJECT_VERSION = 1;
				DEBUG_INFORMATION_FORMAT = "dwarf-with-dsym";
				ENABLE_NS_ASSERTIONS = NO;
				ENABLE_STRICT_OBJC_MSGSEND = YES;
				GCC_C_LANGUAGE_STANDARD = gnu11;
				GCC_NO_COMMON_BLOCKS = YES;
				GCC_WARN_64_TO_32_BIT_CONVERSION = YES;
				GCC_WARN_ABOUT_RETURN_TYPE = YES_ERROR;
				GCC_WARN_UNDECLARED_SELECTOR = YES;
				GCC_WARN_UNINITIALIZED_AUTOS = YES_AGGRESSIVE;
				GCC_WARN_UNUSED_FUNCTION = YES;
				GCC_WARN_UNUSED_VARIABLE = YES;
				MACOSX_DEPLOYMENT_TARGET = 10.15;
				MTL_ENABLE_DEBUG_INFO = NO;
				MTL_FAST_MATH = YES;
				SDKROOT = macosx;
				VERSIONING_SYSTEM = "apple-generic";
				VERSION_INFO_PREFIX = "";
			};
			name = Release;
		};
		B4CC2BCA23E87F9400586A5B /* Debug */ = {
			isa = XCBuildConfiguration;
			buildSettings = {
				CODE_SIGN_STYLE = Automatic;
				COMBINE_HIDPI_IMAGES = YES;
				DEFINES_MODULE = YES;
				DYLIB_COMPATIBILITY_VERSION = 1;
				DYLIB_CURRENT_VERSION = 1;
				DYLIB_INSTALL_NAME_BASE = "@rpath";
				INFOPLIST_FILE = CodeExperiments/Info.plist;
				INSTALL_PATH = "$(LOCAL_LIBRARY_DIR)/Frameworks";
				LD_RUNPATH_SEARCH_PATHS = (
					"$(inherited)",
					"@executable_path/../Frameworks",
					"@loader_path/Frameworks",
				);
				PRODUCT_BUNDLE_IDENTIFIER = com.aboutobjects.swiftui.CodeExperiments;
				PRODUCT_NAME = "$(TARGET_NAME:c99extidentifier)";
				SKIP_INSTALL = YES;
			};
			name = Debug;
		};
		B4CC2BCB23E87F9400586A5B /* Release */ = {
			isa = XCBuildConfiguration;
			buildSettings = {
				CODE_SIGN_STYLE = Automatic;
				COMBINE_HIDPI_IMAGES = YES;
				DEFINES_MODULE = YES;
				DYLIB_COMPATIBILITY_VERSION = 1;
				DYLIB_CURRENT_VERSION = 1;
				DYLIB_INSTALL_NAME_BASE = "@rpath";
				INFOPLIST_FILE = CodeExperiments/Info.plist;
				INSTALL_PATH = "$(LOCAL_LIBRARY_DIR)/Frameworks";
				LD_RUNPATH_SEARCH_PATHS = (
					"$(inherited)",
					"@executable_path/../Frameworks",
					"@loader_path/Frameworks",
				);
				PRODUCT_BUNDLE_IDENTIFIER = com.aboutobjects.swiftui.CodeExperiments;
				PRODUCT_NAME = "$(TARGET_NAME:c99extidentifier)";
				SKIP_INSTALL = YES;
			};
			name = Release;
		};
		B4CC2BCD23E87F9400586A5B /* Debug */ = {
			isa = XCBuildConfiguration;
			buildSettings = {
				CODE_SIGN_STYLE = Automatic;
				COMBINE_HIDPI_IMAGES = YES;
				INFOPLIST_FILE = CodeExperimentsTests/Info.plist;
				LD_RUNPATH_SEARCH_PATHS = (
					"$(inherited)",
					"@executable_path/../Frameworks",
					"@loader_path/../Frameworks",
				);
				PRODUCT_BUNDLE_IDENTIFIER = com.aboutobjects.swiftui.CodeExperimentsTests;
				PRODUCT_NAME = "$(TARGET_NAME)";
			};
			name = Debug;
		};
		B4CC2BCE23E87F9400586A5B /* Release */ = {
			isa = XCBuildConfiguration;
			buildSettings = {
				CODE_SIGN_STYLE = Automatic;
				COMBINE_HIDPI_IMAGES = YES;
				INFOPLIST_FILE = CodeExperimentsTests/Info.plist;
				LD_RUNPATH_SEARCH_PATHS = (
					"$(inherited)",
					"@executable_path/../Frameworks",
					"@loader_path/../Frameworks",
				);
				PRODUCT_BUNDLE_IDENTIFIER = com.aboutobjects.swiftui.CodeExperimentsTests;
				PRODUCT_NAME = "$(TARGET_NAME)";
			};
			name = Release;
		};
/* End XCBuildConfiguration section */

/* Begin XCConfigurationList section */
		B4CC2BAF23E87F9400586A5B /* Build configuration list for PBXProject "CodeExperiments" */ = {
			isa = XCConfigurationList;
			buildConfigurations = (
				B4CC2BC723E87F9400586A5B /* Debug */,
				B4CC2BC823E87F9400586A5B /* Release */,
			);
			defaultConfigurationIsVisible = 0;
			defaultConfigurationName = Release;
		};
		B4CC2BC923E87F9400586A5B /* Build configuration list for PBXNativeTarget "CodeExperiments" */ = {
			isa = XCConfigurationList;
			buildConfigurations = (
				B4CC2BCA23E87F9400586A5B /* Debug */,
				B4CC2BCB23E87F9400586A5B /* Release */,
			);
			defaultConfigurationIsVisible = 0;
			defaultConfigurationName = Release;
		};
		B4CC2BCC23E87F9400586A5B /* Build configuration list for PBXNativeTarget "CodeExperimentsTests" */ = {
			isa = XCConfigurationList;
			buildConfigurations = (
				B4CC2BCD23E87F9400586A5B /* Debug */,
				B4CC2BCE23E87F9400586A5B /* Release */,
			);
			defaultConfigurationIsVisible = 0;
			defaultConfigurationName = Release;
		};
/* End XCConfigurationList section */
	};
	rootObject = B4CC2BAC23E87F9400586A5B /* Project object */;
}
